// !$*UTF8*$!
{
	archiveVersion = 1;
	classes = {
	};
	objectVersion = 56;
	objects = {

/* Begin PBXBuildFile section */
		A1B2C3D400000001 /* EliteApp.swift in Sources */ = {isa = PBXBuildFile; fileRef = A1B2C3D400010001 /* EliteApp.swift */; };
		A1B2C3D400000002 /* AppDelegate.swift in Sources */ = {isa = PBXBuildFile; fileRef = A1B2C3D400010002 /* AppDelegate.swift */; };
		A1B2C3D400000003 /* ContentView.swift in Sources */ = {isa = PBXBuildFile; fileRef = A1B2C3D400010003 /* ContentView.swift */; };
		A1B2C3D400000004 /* Theme.swift in Sources */ = {isa = PBXBuildFile; fileRef = A1B2C3D400010004 /* Theme.swift */; };
		A1B2C3D400000005 /* EliteButton.swift in Sources */ = {isa = PBXBuildFile; fileRef = A1B2C3D400010005 /* EliteButton.swift */; };
		A1B2C3D400000006 /* EliteTextField.swift in Sources */ = {isa = PBXBuildFile; fileRef = A1B2C3D400010006 /* EliteTextField.swift */; };
		A1B2C3D400000007 /* EliteCard.swift in Sources */ = {isa = PBXBuildFile; fileRef = A1B2C3D400010007 /* EliteCard.swift */; };
		A1B2C3D400000008 /* AvatarView.swift in Sources */ = {isa = PBXBuildFile; fileRef = A1B2C3D400010008 /* AvatarView.swift */; };
		A1B2C3D400000009 /* VerifiedBadge.swift in Sources */ = {isa = PBXBuildFile; fileRef = A1B2C3D400010009 /* VerifiedBadge.swift */; };
		A1B2C3D40000000A /* TagChip.swift in Sources */ = {isa = PBXBuildFile; fileRef = A1B2C3D40001000A /* TagChip.swift */; };
		A1B2C3D40000000B /* GradientOverlay.swift in Sources */ = {isa = PBXBuildFile; fileRef = A1B2C3D40001000B /* GradientOverlay.swift */; };
		A1B2C3D40000000C /* ShimmerModifier.swift in Sources */ = {isa = PBXBuildFile; fileRef = A1B2C3D40001000C /* ShimmerModifier.swift */; };
		A1B2C3D40000000D /* ParallaxModifier.swift in Sources */ = {isa = PBXBuildFile; fileRef = A1B2C3D40001000D /* ParallaxModifier.swift */; };
		A1B2C3D40000000E /* AppRouter.swift in Sources */ = {isa = PBXBuildFile; fileRef = A1B2C3D40001000E /* AppRouter.swift */; };
		A1B2C3D40000000F /* DeepLinkHandler.swift in Sources */ = {isa = PBXBuildFile; fileRef = A1B2C3D40001000F /* DeepLinkHandler.swift */; };
		A1B2C3D400000010 /* SupabaseManager.swift in Sources */ = {isa = PBXBuildFile; fileRef = A1B2C3D400010010 /* SupabaseManager.swift */; };
		A1B2C3D400000011 /* APIError.swift in Sources */ = {isa = PBXBuildFile; fileRef = A1B2C3D400010011 /* APIError.swift */; };
		A1B2C3D400000012 /* NetworkMonitor.swift in Sources */ = {isa = PBXBuildFile; fileRef = A1B2C3D400010012 /* NetworkMonitor.swift */; };
		A1B2C3D400000013 /* View+Extensions.swift in Sources */ = {isa = PBXBuildFile; fileRef = A1B2C3D400010013 /* View+Extensions.swift */; };
		A1B2C3D400000014 /* Color+Theme.swift in Sources */ = {isa = PBXBuildFile; fileRef = A1B2C3D400010014 /* Color+Theme.swift */; };
		A1B2C3D400000015 /* Date+Formatting.swift in Sources */ = {isa = PBXBuildFile; fileRef = A1B2C3D400010015 /* Date+Formatting.swift */; };
		A1B2C3D400000016 /* SplashView.swift in Sources */ = {isa = PBXBuildFile; fileRef = A1B2C3D400010016 /* SplashView.swift */; };
		A1B2C3D400000017 /* OnboardingView.swift in Sources */ = {isa = PBXBuildFile; fileRef = A1B2C3D400010017 /* OnboardingView.swift */; };
		A1B2C3D400000018 /* ReferralCodeView.swift in Sources */ = {isa = PBXBuildFile; fileRef = A1B2C3D400010018 /* ReferralCodeView.swift */; };
		A1B2C3D400000019 /* WaitlistView.swift in Sources */ = {isa = PBXBuildFile; fileRef = A1B2C3D400010019 /* WaitlistView.swift */; };
		A1B2C3D40000001A /* AppleSignInView.swift in Sources */ = {isa = PBXBuildFile; fileRef = A1B2C3D40001001A /* AppleSignInView.swift */; };
		A1B2C3D40000001B /* AuthViewModel.swift in Sources */ = {isa = PBXBuildFile; fileRef = A1B2C3D40001001B /* AuthViewModel.swift */; };
		A1B2C3D40000001C /* AuthService.swift in Sources */ = {isa = PBXBuildFile; fileRef = A1B2C3D40001001C /* AuthService.swift */; };
		A1B2C3D40000001D /* DiscoveryView.swift in Sources */ = {isa = PBXBuildFile; fileRef = A1B2C3D40001001D /* DiscoveryView.swift */; };
		A1B2C3D40000001E /* ProfileCardView.swift in Sources */ = {isa = PBXBuildFile; fileRef = A1B2C3D40001001E /* ProfileCardView.swift */; };
		A1B2C3D40000001F /* CardStackView.swift in Sources */ = {isa = PBXBuildFile; fileRef = A1B2C3D40001001F /* CardStackView.swift */; };
		A1B2C3D400000020 /* MatchView.swift in Sources */ = {isa = PBXBuildFile; fileRef = A1B2C3D400010020 /* MatchView.swift */; };
		A1B2C3D400000021 /* DiscoveryViewModel.swift in Sources */ = {isa = PBXBuildFile; fileRef = A1B2C3D400010021 /* DiscoveryViewModel.swift */; };
		A1B2C3D400000022 /* MatchService.swift in Sources */ = {isa = PBXBuildFile; fileRef = A1B2C3D400010022 /* MatchService.swift */; };
		A1B2C3D400000023 /* ProfileDetailView.swift in Sources */ = {isa = PBXBuildFile; fileRef = A1B2C3D400010023 /* ProfileDetailView.swift */; };
		A1B2C3D400000024 /* ProfileEditView.swift in Sources */ = {isa = PBXBuildFile; fileRef = A1B2C3D400010024 /* ProfileEditView.swift */; };
		A1B2C3D400000025 /* PhotoGridView.swift in Sources */ = {isa = PBXBuildFile; fileRef = A1B2C3D400010025 /* PhotoGridView.swift */; };
		A1B2C3D400000026 /* SettingsView.swift in Sources */ = {isa = PBXBuildFile; fileRef = A1B2C3D400010026 /* SettingsView.swift */; };
		A1B2C3D400000027 /* ProfileViewModel.swift in Sources */ = {isa = PBXBuildFile; fileRef = A1B2C3D400010027 /* ProfileViewModel.swift */; };
		A1B2C3D400000028 /* ProfileService.swift in Sources */ = {isa = PBXBuildFile; fileRef = A1B2C3D400010028 /* ProfileService.swift */; };
		A1B2C3D400000029 /* ChatListView.swift in Sources */ = {isa = PBXBuildFile; fileRef = A1B2C3D400010029 /* ChatListView.swift */; };
		A1B2C3D40000002A /* ChatDetailView.swift in Sources */ = {isa = PBXBuildFile; fileRef = A1B2C3D40001002A /* ChatDetailView.swift */; };
		A1B2C3D40000002B /* MessageBubble.swift in Sources */ = {isa = PBXBuildFile; fileRef = A1B2C3D40001002B /* MessageBubble.swift */; };
		A1B2C3D40000002C /* ChatInputBar.swift in Sources */ = {isa = PBXBuildFile; fileRef = A1B2C3D40001002C /* ChatInputBar.swift */; };
		A1B2C3D40000002D /* ChatListViewModel.swift in Sources */ = {isa = PBXBuildFile; fileRef = A1B2C3D40001002D /* ChatListViewModel.swift */; };
		A1B2C3D40000002E /* ChatDetailViewModel.swift in Sources */ = {isa = PBXBuildFile; fileRef = A1B2C3D40001002E /* ChatDetailViewModel.swift */; };
		A1B2C3D40000002F /* ChatService.swift in Sources */ = {isa = PBXBuildFile; fileRef = A1B2C3D40001002F /* ChatService.swift */; };
		A1B2C3D400000030 /* PaywallView.swift in Sources */ = {isa = PBXBuildFile; fileRef = A1B2C3D400010030 /* PaywallView.swift */; };
		A1B2C3D400000031 /* SubscriptionBadge.swift in Sources */ = {isa = PBXBuildFile; fileRef = A1B2C3D400010031 /* SubscriptionBadge.swift */; };
		A1B2C3D400000032 /* SubscriptionViewModel.swift in Sources */ = {isa = PBXBuildFile; fileRef = A1B2C3D400010032 /* SubscriptionViewModel.swift */; };
		A1B2C3D400000033 /* StoreKitService.swift in Sources */ = {isa = PBXBuildFile; fileRef = A1B2C3D400010033 /* StoreKitService.swift */; };
		A1B2C3D400000034 /* User.swift in Sources */ = {isa = PBXBuildFile; fileRef = A1B2C3D400010034 /* User.swift */; };
		A1B2C3D400000035 /* Profile.swift in Sources */ = {isa = PBXBuildFile; fileRef = A1B2C3D400010035 /* Profile.swift */; };
		A1B2C3D400000036 /* Match.swift in Sources */ = {isa = PBXBuildFile; fileRef = A1B2C3D400010036 /* Match.swift */; };
		A1B2C3D400000037 /* Message.swift in Sources */ = {isa = PBXBuildFile; fileRef = A1B2C3D400010037 /* Message.swift */; };
		A1B2C3D400000038 /* Swipe.swift in Sources */ = {isa = PBXBuildFile; fileRef = A1B2C3D400010038 /* Swipe.swift */; };
		A1B2C3D400000039 /* ReferralCode.swift in Sources */ = {isa = PBXBuildFile; fileRef = A1B2C3D400010039 /* ReferralCode.swift */; };
		A1B2C3D40000003A /* Subscription.swift in Sources */ = {isa = PBXBuildFile; fileRef = A1B2C3D40001003A /* Subscription.swift */; };
		A1B2C3D40000003B /* Assets.xcassets in Resources */ = {isa = PBXBuildFile; fileRef = A1B2C3D40001003B /* Assets.xcassets */; };

		A1B2C3D40000003D /* Nuke in Frameworks */ = {isa = PBXBuildFile; productRef = A1B2C3D400050002 /* Nuke */; };
		A1B2C3D40000003E /* NukeUI in Frameworks */ = {isa = PBXBuildFile; productRef = A1B2C3D400050005 /* NukeUI */; };
		E0E0E0E000000001 /* APIClient.swift in Sources */ = {isa = PBXBuildFile; fileRef = E0E0E0E000010001 /* APIClient.swift */; };
		E0E0E0E000000002 /* TokenManager.swift in Sources */ = {isa = PBXBuildFile; fileRef = E0E0E0E000010002 /* TokenManager.swift */; };
		E0E0E0E000000003 /* WebSocketManager.swift in Sources */ = {isa = PBXBuildFile; fileRef = E0E0E0E000010003 /* WebSocketManager.swift */; };
		F0F0F0F000000001 /* PlayfairDisplay-Bold.ttf in Resources */ = {isa = PBXBuildFile; fileRef = F0F0F0F000010001 /* PlayfairDisplay-Bold.ttf */; };
		F0F0F0F000000002 /* PlayfairDisplay-Regular.ttf in Resources */ = {isa = PBXBuildFile; fileRef = F0F0F0F000010002 /* PlayfairDisplay-Regular.ttf */; };
		F0F0F0F000000003 /* CormorantGaramond-Regular.ttf in Resources */ = {isa = PBXBuildFile; fileRef = F0F0F0F000010003 /* CormorantGaramond-Regular.ttf */; };
		F0F0F0F000000004 /* CormorantGaramond-Medium.ttf in Resources */ = {isa = PBXBuildFile; fileRef = F0F0F0F000010004 /* CormorantGaramond-Medium.ttf */; };
		F0F0F0F000000005 /* CormorantGaramond-Light.ttf in Resources */ = {isa = PBXBuildFile; fileRef = F0F0F0F000010005 /* CormorantGaramond-Light.ttf */; };
/* End PBXBuildFile section */

/* Begin PBXFileReference section */
		A1B2C3D400010001 /* EliteApp.swift */ = {isa = PBXFileReference; lastKnownFileType = sourcecode.swift; path = EliteApp.swift; sourceTree = "<group>"; };
		A1B2C3D400010002 /* AppDelegate.swift */ = {isa = PBXFileReference; lastKnownFileType = sourcecode.swift; path = AppDelegate.swift; sourceTree = "<group>"; };
		A1B2C3D400010003 /* ContentView.swift */ = {isa = PBXFileReference; lastKnownFileType = sourcecode.swift; path = ContentView.swift; sourceTree = "<group>"; };
		A1B2C3D400010004 /* Theme.swift */ = {isa = PBXFileReference; lastKnownFileType = sourcecode.swift; path = Theme.swift; sourceTree = "<group>"; };
		A1B2C3D400010005 /* EliteButton.swift */ = {isa = PBXFileReference; lastKnownFileType = sourcecode.swift; path = EliteButton.swift; sourceTree = "<group>"; };
		A1B2C3D400010006 /* EliteTextField.swift */ = {isa = PBXFileReference; lastKnownFileType = sourcecode.swift; path = EliteTextField.swift; sourceTree = "<group>"; };
		A1B2C3D400010007 /* EliteCard.swift */ = {isa = PBXFileReference; lastKnownFileType = sourcecode.swift; path = EliteCard.swift; sourceTree = "<group>"; };
		A1B2C3D400010008 /* AvatarView.swift */ = {isa = PBXFileReference; lastKnownFileType = sourcecode.swift; path = AvatarView.swift; sourceTree = "<group>"; };
		A1B2C3D400010009 /* VerifiedBadge.swift */ = {isa = PBXFileReference; lastKnownFileType = sourcecode.swift; path = VerifiedBadge.swift; sourceTree = "<group>"; };
		A1B2C3D40001000A /* TagChip.swift */ = {isa = PBXFileReference; lastKnownFileType = sourcecode.swift; path = TagChip.swift; sourceTree = "<group>"; };
		A1B2C3D40001000B /* GradientOverlay.swift */ = {isa = PBXFileReference; lastKnownFileType = sourcecode.swift; path = GradientOverlay.swift; sourceTree = "<group>"; };
		A1B2C3D40001000C /* ShimmerModifier.swift */ = {isa = PBXFileReference; lastKnownFileType = sourcecode.swift; path = ShimmerModifier.swift; sourceTree = "<group>"; };
		A1B2C3D40001000D /* ParallaxModifier.swift */ = {isa = PBXFileReference; lastKnownFileType = sourcecode.swift; path = ParallaxModifier.swift; sourceTree = "<group>"; };
		A1B2C3D40001000E /* AppRouter.swift */ = {isa = PBXFileReference; lastKnownFileType = sourcecode.swift; path = AppRouter.swift; sourceTree = "<group>"; };
		A1B2C3D40001000F /* DeepLinkHandler.swift */ = {isa = PBXFileReference; lastKnownFileType = sourcecode.swift; path = DeepLinkHandler.swift; sourceTree = "<group>"; };
		A1B2C3D400010010 /* SupabaseManager.swift */ = {isa = PBXFileReference; lastKnownFileType = sourcecode.swift; path = SupabaseManager.swift; sourceTree = "<group>"; };
		A1B2C3D400010011 /* APIError.swift */ = {isa = PBXFileReference; lastKnownFileType = sourcecode.swift; path = APIError.swift; sourceTree = "<group>"; };
		A1B2C3D400010012 /* NetworkMonitor.swift */ = {isa = PBXFileReference; lastKnownFileType = sourcecode.swift; path = NetworkMonitor.swift; sourceTree = "<group>"; };
		A1B2C3D400010013 /* View+Extensions.swift */ = {isa = PBXFileReference; lastKnownFileType = sourcecode.swift; path = "View+Extensions.swift"; sourceTree = "<group>"; };
		A1B2C3D400010014 /* Color+Theme.swift */ = {isa = PBXFileReference; lastKnownFileType = sourcecode.swift; path = "Color+Theme.swift"; sourceTree = "<group>"; };
		A1B2C3D400010015 /* Date+Formatting.swift */ = {isa = PBXFileReference; lastKnownFileType = sourcecode.swift; path = "Date+Formatting.swift"; sourceTree = "<group>"; };
		A1B2C3D400010016 /* SplashView.swift */ = {isa = PBXFileReference; lastKnownFileType = sourcecode.swift; path = SplashView.swift; sourceTree = "<group>"; };
		A1B2C3D400010017 /* OnboardingView.swift */ = {isa = PBXFileReference; lastKnownFileType = sourcecode.swift; path = OnboardingView.swift; sourceTree = "<group>"; };
		A1B2C3D400010018 /* ReferralCodeView.swift */ = {isa = PBXFileReference; lastKnownFileType = sourcecode.swift; path = ReferralCodeView.swift; sourceTree = "<group>"; };
		A1B2C3D400010019 /* WaitlistView.swift */ = {isa = PBXFileReference; lastKnownFileType = sourcecode.swift; path = WaitlistView.swift; sourceTree = "<group>"; };
		A1B2C3D40001001A /* AppleSignInView.swift */ = {isa = PBXFileReference; lastKnownFileType = sourcecode.swift; path = AppleSignInView.swift; sourceTree = "<group>"; };
		A1B2C3D40001001B /* AuthViewModel.swift */ = {isa = PBXFileReference; lastKnownFileType = sourcecode.swift; path = AuthViewModel.swift; sourceTree = "<group>"; };
		A1B2C3D40001001C /* AuthService.swift */ = {isa = PBXFileReference; lastKnownFileType = sourcecode.swift; path = AuthService.swift; sourceTree = "<group>"; };
		A1B2C3D40001001D /* DiscoveryView.swift */ = {isa = PBXFileReference; lastKnownFileType = sourcecode.swift; path = DiscoveryView.swift; sourceTree = "<group>"; };
		A1B2C3D40001001E /* ProfileCardView.swift */ = {isa = PBXFileReference; lastKnownFileType = sourcecode.swift; path = ProfileCardView.swift; sourceTree = "<group>"; };
		A1B2C3D40001001F /* CardStackView.swift */ = {isa = PBXFileReference; lastKnownFileType = sourcecode.swift; path = CardStackView.swift; sourceTree = "<group>"; };
		A1B2C3D400010020 /* MatchView.swift */ = {isa = PBXFileReference; lastKnownFileType = sourcecode.swift; path = MatchView.swift; sourceTree = "<group>"; };
		A1B2C3D400010021 /* DiscoveryViewModel.swift */ = {isa = PBXFileReference; lastKnownFileType = sourcecode.swift; path = DiscoveryViewModel.swift; sourceTree = "<group>"; };
		A1B2C3D400010022 /* MatchService.swift */ = {isa = PBXFileReference; lastKnownFileType = sourcecode.swift; path = MatchService.swift; sourceTree = "<group>"; };
		A1B2C3D400010023 /* ProfileDetailView.swift */ = {isa = PBXFileReference; lastKnownFileType = sourcecode.swift; path = ProfileDetailView.swift; sourceTree = "<group>"; };
		A1B2C3D400010024 /* ProfileEditView.swift */ = {isa = PBXFileReference; lastKnownFileType = sourcecode.swift; path = ProfileEditView.swift; sourceTree = "<group>"; };
		A1B2C3D400010025 /* PhotoGridView.swift */ = {isa = PBXFileReference; lastKnownFileType = sourcecode.swift; path = PhotoGridView.swift; sourceTree = "<group>"; };
		A1B2C3D400010026 /* SettingsView.swift */ = {isa = PBXFileReference; lastKnownFileType = sourcecode.swift; path = SettingsView.swift; sourceTree = "<group>"; };
		A1B2C3D400010027 /* ProfileViewModel.swift */ = {isa = PBXFileReference; lastKnownFileType = sourcecode.swift; path = ProfileViewModel.swift; sourceTree = "<group>"; };
		A1B2C3D400010028 /* ProfileService.swift */ = {isa = PBXFileReference; lastKnownFileType = sourcecode.swift; path = ProfileService.swift; sourceTree = "<group>"; };
		A1B2C3D400010029 /* ChatListView.swift */ = {isa = PBXFileReference; lastKnownFileType = sourcecode.swift; path = ChatListView.swift; sourceTree = "<group>"; };
		A1B2C3D40001002A /* ChatDetailView.swift */ = {isa = PBXFileReference; lastKnownFileType = sourcecode.swift; path = ChatDetailView.swift; sourceTree = "<group>"; };
		A1B2C3D40001002B /* MessageBubble.swift */ = {isa = PBXFileReference; lastKnownFileType = sourcecode.swift; path = MessageBubble.swift; sourceTree = "<group>"; };
		A1B2C3D40001002C /* ChatInputBar.swift */ = {isa = PBXFileReference; lastKnownFileType = sourcecode.swift; path = ChatInputBar.swift; sourceTree = "<group>"; };
		A1B2C3D40001002D /* ChatListViewModel.swift */ = {isa = PBXFileReference; lastKnownFileType = sourcecode.swift; path = ChatListViewModel.swift; sourceTree = "<group>"; };
		A1B2C3D40001002E /* ChatDetailViewModel.swift */ = {isa = PBXFileReference; lastKnownFileType = sourcecode.swift; path = ChatDetailViewModel.swift; sourceTree = "<group>"; };
		A1B2C3D40001002F /* ChatService.swift */ = {isa = PBXFileReference; lastKnownFileType = sourcecode.swift; path = ChatService.swift; sourceTree = "<group>"; };
		A1B2C3D400010030 /* PaywallView.swift */ = {isa = PBXFileReference; lastKnownFileType = sourcecode.swift; path = PaywallView.swift; sourceTree = "<group>"; };
		A1B2C3D400010031 /* SubscriptionBadge.swift */ = {isa = PBXFileReference; lastKnownFileType = sourcecode.swift; path = SubscriptionBadge.swift; sourceTree = "<group>"; };
		A1B2C3D400010032 /* SubscriptionViewModel.swift */ = {isa = PBXFileReference; lastKnownFileType = sourcecode.swift; path = SubscriptionViewModel.swift; sourceTree = "<group>"; };
		A1B2C3D400010033 /* StoreKitService.swift */ = {isa = PBXFileReference; lastKnownFileType = sourcecode.swift; path = StoreKitService.swift; sourceTree = "<group>"; };
		A1B2C3D400010034 /* User.swift */ = {isa = PBXFileReference; lastKnownFileType = sourcecode.swift; path = User.swift; sourceTree = "<group>"; };
		A1B2C3D400010035 /* Profile.swift */ = {isa = PBXFileReference; lastKnownFileType = sourcecode.swift; path = Profile.swift; sourceTree = "<group>"; };
		A1B2C3D400010036 /* Match.swift */ = {isa = PBXFileReference; lastKnownFileType = sourcecode.swift; path = Match.swift; sourceTree = "<group>"; };
		A1B2C3D400010037 /* Message.swift */ = {isa = PBXFileReference; lastKnownFileType = sourcecode.swift; path = Message.swift; sourceTree = "<group>"; };
		A1B2C3D400010038 /* Swipe.swift */ = {isa = PBXFileReference; lastKnownFileType = sourcecode.swift; path = Swipe.swift; sourceTree = "<group>"; };
		A1B2C3D400010039 /* ReferralCode.swift */ = {isa = PBXFileReference; lastKnownFileType = sourcecode.swift; path = ReferralCode.swift; sourceTree = "<group>"; };
		A1B2C3D40001003A /* Subscription.swift */ = {isa = PBXFileReference; lastKnownFileType = sourcecode.swift; path = Subscription.swift; sourceTree = "<group>"; };
		A1B2C3D40001003B /* Assets.xcassets */ = {isa = PBXFileReference; lastKnownFileType = folder.assetcatalog; path = Assets.xcassets; sourceTree = "<group>"; };
		A1B2C3D40001003C /* Info.plist */ = {isa = PBXFileReference; lastKnownFileType = text.plist.xml; path = Info.plist; sourceTree = "<group>"; };
		A1B2C3D40001003D /* Elite.app */ = {isa = PBXFileReference; explicitFileType = wrapper.application; includeInIndex = 0; path = Elite.app; sourceTree = BUILT_PRODUCTS_DIR; };
		F0F0F0F000010001 /* PlayfairDisplay-Bold.ttf */ = {isa = PBXFileReference; lastKnownFileType = file; path = "PlayfairDisplay-Bold.ttf"; sourceTree = "<group>"; };
		F0F0F0F000010002 /* PlayfairDisplay-Regular.ttf */ = {isa = PBXFileReference; lastKnownFileType = file; path = "PlayfairDisplay-Regular.ttf"; sourceTree = "<group>"; };
		F0F0F0F000010003 /* CormorantGaramond-Regular.ttf */ = {isa = PBXFileReference; lastKnownFileType = file; path = "CormorantGaramond-Regular.ttf"; sourceTree = "<group>"; };
		F0F0F0F000010004 /* CormorantGaramond-Medium.ttf */ = {isa = PBXFileReference; lastKnownFileType = file; path = "CormorantGaramond-Medium.ttf"; sourceTree = "<group>"; };
		F0F0F0F000010005 /* CormorantGaramond-Light.ttf */ = {isa = PBXFileReference; lastKnownFileType = file; path = "CormorantGaramond-Light.ttf"; sourceTree = "<group>"; };
		E0E0E0E000010001 /* APIClient.swift */ = {isa = PBXFileReference; lastKnownFileType = sourcecode.swift; path = APIClient.swift; sourceTree = "<group>"; };
		E0E0E0E000010002 /* TokenManager.swift */ = {isa = PBXFileReference; lastKnownFileType = sourcecode.swift; path = TokenManager.swift; sourceTree = "<group>"; };
		E0E0E0E000010003 /* WebSocketManager.swift */ = {isa = PBXFileReference; lastKnownFileType = sourcecode.swift; path = WebSocketManager.swift; sourceTree = "<group>"; };
/* End PBXFileReference section */

/* Begin PBXFrameworksBuildPhase section */
		A1B2C3D400020001 /* Frameworks */ = {
			isa = PBXFrameworksBuildPhase;
			buildActionMask = 2147483647;
			files = (
				A1B2C3D40000003D /* Nuke in Frameworks */,
				A1B2C3D40000003E /* NukeUI in Frameworks */,
			);
			runOnlyForDeploymentPostprocessing = 0;
		};
/* End PBXFrameworksBuildPhase section */

/* Begin PBXGroup section */
		A1B2C3D400030000 /* = */ = {
			isa = PBXGroup;
			children = (
				A1B2C3D400030001 /* Elite */,
				A1B2C3D400030099 /* Products */,
			);
			sourceTree = "<group>";
		};
		A1B2C3D400030099 /* Products */ = {
			isa = PBXGroup;
			children = (
				A1B2C3D40001003D /* Elite.app */,
			);
			name = Products;
			sourceTree = "<group>";
		};
		A1B2C3D400030001 /* Elite */ = {
			isa = PBXGroup;
			children = (
				A1B2C3D400030002 /* App */,
				A1B2C3D400030003 /* Core */,
				A1B2C3D400030010 /* Features */,
				A1B2C3D400030030 /* Models */,
				A1B2C3D400030040 /* Resources */,
			);
			path = Elite;
			sourceTree = "<group>";
		};
		A1B2C3D400030002 /* App */ = {
			isa = PBXGroup;
			children = (
				A1B2C3D400010001 /* EliteApp.swift */,
				A1B2C3D400010002 /* AppDelegate.swift */,
				A1B2C3D400010003 /* ContentView.swift */,
			);
			path = App;
			sourceTree = "<group>";
		};
		A1B2C3D400030003 /* Core */ = {
			isa = PBXGroup;
			children = (
				A1B2C3D400030004 /* Design */,
				A1B2C3D400030007 /* Navigation */,
				A1B2C3D400030008 /* Networking */,
				A1B2C3D400030009 /* Extensions */,
			);
			path = Core;
			sourceTree = "<group>";
		};
		A1B2C3D400030004 /* Design */ = {
			isa = PBXGroup;
			children = (
				A1B2C3D400010004 /* Theme.swift */,
				A1B2C3D400030005 /* Components */,
				A1B2C3D400030006 /* Modifiers */,
			);
			path = Design;
			sourceTree = "<group>";
		};
		A1B2C3D400030005 /* Components */ = {
			isa = PBXGroup;
			children = (
				A1B2C3D400010005 /* EliteButton.swift */,
				A1B2C3D400010006 /* EliteTextField.swift */,
				A1B2C3D400010007 /* EliteCard.swift */,
				A1B2C3D400010008 /* AvatarView.swift */,
				A1B2C3D400010009 /* VerifiedBadge.swift */,
				A1B2C3D40001000A /* TagChip.swift */,
				A1B2C3D40001000B /* GradientOverlay.swift */,
			);
			path = Components;
			sourceTree = "<group>";
		};
		A1B2C3D400030006 /* Modifiers */ = {
			isa = PBXGroup;
			children = (
				A1B2C3D40001000C /* ShimmerModifier.swift */,
				A1B2C3D40001000D /* ParallaxModifier.swift */,
			);
			path = Modifiers;
			sourceTree = "<group>";
		};
		A1B2C3D400030007 /* Navigation */ = {
			isa = PBXGroup;
			children = (
				A1B2C3D40001000E /* AppRouter.swift */,
				A1B2C3D40001000F /* DeepLinkHandler.swift */,
			);
			path = Navigation;
			sourceTree = "<group>";
		};
		A1B2C3D400030008 /* Networking */ = {
			isa = PBXGroup;
			children = (
				A1B2C3D400010010 /* SupabaseManager.swift */,
				A1B2C3D400010011 /* APIError.swift */,
				A1B2C3D400010012 /* NetworkMonitor.swift */,
				E0E0E0E000010001 /* APIClient.swift */,
				E0E0E0E000010002 /* TokenManager.swift */,
				E0E0E0E000010003 /* WebSocketManager.swift */,
			);
			path = Networking;
			sourceTree = "<group>";
		};
		A1B2C3D400030009 /* Extensions */ = {
			isa = PBXGroup;
			children = (
				A1B2C3D400010013 /* View+Extensions.swift */,
				A1B2C3D400010014 /* Color+Theme.swift */,
				A1B2C3D400010015 /* Date+Formatting.swift */,
			);
			path = Extensions;
			sourceTree = "<group>";
		};
		A1B2C3D400030010 /* Features */ = {
			isa = PBXGroup;
			children = (
				A1B2C3D400030011 /* Auth */,
				A1B2C3D400030015 /* Discovery */,
				A1B2C3D400030019 /* Profile */,
				A1B2C3D40003001D /* Chat */,
				A1B2C3D400030021 /* Subscription */,
			);
			path = Features;
			sourceTree = "<group>";
		};
		A1B2C3D400030011 /* Auth */ = {
			isa = PBXGroup;
			children = (
				A1B2C3D400030012 /* Views */,
				A1B2C3D400030013 /* ViewModels */,
				A1B2C3D400030014 /* Services */,
			);
			path = Auth;
			sourceTree = "<group>";
		};
		A1B2C3D400030012 /* Views */ = {
			isa = PBXGroup;
			children = (
				A1B2C3D400010016 /* SplashView.swift */,
				A1B2C3D400010017 /* OnboardingView.swift */,
				A1B2C3D400010018 /* ReferralCodeView.swift */,
				A1B2C3D400010019 /* WaitlistView.swift */,
				A1B2C3D40001001A /* AppleSignInView.swift */,
			);
			path = Views;
			sourceTree = "<group>";
		};
		A1B2C3D400030013 /* ViewModels */ = {
			isa = PBXGroup;
			children = (
				A1B2C3D40001001B /* AuthViewModel.swift */,
			);
			path = ViewModels;
			sourceTree = "<group>";
		};
		A1B2C3D400030014 /* Services */ = {
			isa = PBXGroup;
			children = (
				A1B2C3D40001001C /* AuthService.swift */,
			);
			path = Services;
			sourceTree = "<group>";
		};
		A1B2C3D400030015 /* Discovery */ = {
			isa = PBXGroup;
			children = (
				A1B2C3D400030016 /* Views */,
				A1B2C3D400030017 /* ViewModels */,
				A1B2C3D400030018 /* Services */,
			);
			path = Discovery;
			sourceTree = "<group>";
		};
		A1B2C3D400030016 /* Views */ = {
			isa = PBXGroup;
			children = (
				A1B2C3D40001001D /* DiscoveryView.swift */,
				A1B2C3D40001001E /* ProfileCardView.swift */,
				A1B2C3D40001001F /* CardStackView.swift */,
				A1B2C3D400010020 /* MatchView.swift */,
			);
			path = Views;
			sourceTree = "<group>";
		};
		A1B2C3D400030017 /* ViewModels */ = {
			isa = PBXGroup;
			children = (
				A1B2C3D400010021 /* DiscoveryViewModel.swift */,
			);
			path = ViewModels;
			sourceTree = "<group>";
		};
		A1B2C3D400030018 /* Services */ = {
			isa = PBXGroup;
			children = (
				A1B2C3D400010022 /* MatchService.swift */,
			);
			path = Services;
			sourceTree = "<group>";
		};
		A1B2C3D400030019 /* Profile */ = {
			isa = PBXGroup;
			children = (
				A1B2C3D40003001A /* Views */,
				A1B2C3D40003001B /* ViewModels */,
				A1B2C3D40003001C /* Services */,
			);
			path = Profile;
			sourceTree = "<group>";
		};
		A1B2C3D40003001A /* Views */ = {
			isa = PBXGroup;
			children = (
				A1B2C3D400010023 /* ProfileDetailView.swift */,
				A1B2C3D400010024 /* ProfileEditView.swift */,
				A1B2C3D400010025 /* PhotoGridView.swift */,
				A1B2C3D400010026 /* SettingsView.swift */,
			);
			path = Views;
			sourceTree = "<group>";
		};
		A1B2C3D40003001B /* ViewModels */ = {
			isa = PBXGroup;
			children = (
				A1B2C3D400010027 /* ProfileViewModel.swift */,
			);
			path = ViewModels;
			sourceTree = "<group>";
		};
		A1B2C3D40003001C /* Services */ = {
			isa = PBXGroup;
			children = (
				A1B2C3D400010028 /* ProfileService.swift */,
			);
			path = Services;
			sourceTree = "<group>";
		};
		A1B2C3D40003001D /* Chat */ = {
			isa = PBXGroup;
			children = (
				A1B2C3D40003001E /* Views */,
				A1B2C3D40003001F /* ViewModels */,
				A1B2C3D400030020 /* Services */,
			);
			path = Chat;
			sourceTree = "<group>";
		};
		A1B2C3D40003001E /* Views */ = {
			isa = PBXGroup;
			children = (
				A1B2C3D400010029 /* ChatListView.swift */,
				A1B2C3D40001002A /* ChatDetailView.swift */,
				A1B2C3D40001002B /* MessageBubble.swift */,
				A1B2C3D40001002C /* ChatInputBar.swift */,
			);
			path = Views;
			sourceTree = "<group>";
		};
		A1B2C3D40003001F /* ViewModels */ = {
			isa = PBXGroup;
			children = (
				A1B2C3D40001002D /* ChatListViewModel.swift */,
				A1B2C3D40001002E /* ChatDetailViewModel.swift */,
			);
			path = ViewModels;
			sourceTree = "<group>";
		};
		A1B2C3D400030020 /* Services */ = {
			isa = PBXGroup;
			children = (
				A1B2C3D40001002F /* ChatService.swift */,
			);
			path = Services;
			sourceTree = "<group>";
		};
		A1B2C3D400030021 /* Subscription */ = {
			isa = PBXGroup;
			children = (
				A1B2C3D400030022 /* Views */,
				A1B2C3D400030023 /* ViewModels */,
				A1B2C3D400030024 /* Services */,
			);
			path = Subscription;
			sourceTree = "<group>";
		};
		A1B2C3D400030022 /* Views */ = {
			isa = PBXGroup;
			children = (
				A1B2C3D400010030 /* PaywallView.swift */,
				A1B2C3D400010031 /* SubscriptionBadge.swift */,
			);
			path = Views;
			sourceTree = "<group>";
		};
		A1B2C3D400030023 /* ViewModels */ = {
			isa = PBXGroup;
			children = (
				A1B2C3D400010032 /* SubscriptionViewModel.swift */,
			);
			path = ViewModels;
			sourceTree = "<group>";
		};
		A1B2C3D400030024 /* Services */ = {
			isa = PBXGroup;
			children = (
				A1B2C3D400010033 /* StoreKitService.swift */,
			);
			path = Services;
			sourceTree = "<group>";
		};
		A1B2C3D400030030 /* Models */ = {
			isa = PBXGroup;
			children = (
				A1B2C3D400010034 /* User.swift */,
				A1B2C3D400010035 /* Profile.swift */,
				A1B2C3D400010036 /* Match.swift */,
				A1B2C3D400010037 /* Message.swift */,
				A1B2C3D400010038 /* Swipe.swift */,
				A1B2C3D400010039 /* ReferralCode.swift */,
				A1B2C3D40001003A /* Subscription.swift */,
			);
			path = Models;
			sourceTree = "<group>";
		};
		A1B2C3D400030040 /* Resources */ = {
			isa = PBXGroup;
			children = (
				A1B2C3D40001003C /* Info.plist */,
				A1B2C3D40001003B /* Assets.xcassets */,
				F0F0F0F000020001 /* Fonts */,
			);
			path = Resources;
			sourceTree = "<group>";
		};
		F0F0F0F000020001 /* Fonts */ = {
			isa = PBXGroup;
			children = (
				F0F0F0F000010001 /* PlayfairDisplay-Bold.ttf */,
				F0F0F0F000010002 /* PlayfairDisplay-Regular.ttf */,
				F0F0F0F000010003 /* CormorantGaramond-Regular.ttf */,
				F0F0F0F000010004 /* CormorantGaramond-Medium.ttf */,
				F0F0F0F000010005 /* CormorantGaramond-Light.ttf */,
			);
			path = Fonts;
			sourceTree = "<group>";
		};
/* End PBXGroup section */

/* Begin PBXNativeTarget section */
		A1B2C3D400040001 /* Elite */ = {
			isa = PBXNativeTarget;
			buildConfigurationList = A1B2C3D400060003 /* Build configuration list for PBXNativeTarget "Elite" */;
			buildPhases = (
				A1B2C3D400020002 /* Sources */,
				A1B2C3D400020001 /* Frameworks */,
				A1B2C3D400020003 /* Resources */,
			);
			buildRules = (
			);
			dependencies = (
			);
			name = Elite;
			packageProductDependencies = (
				A1B2C3D400050002 /* Nuke */,
				A1B2C3D400050005 /* NukeUI */,
			);
			productName = Elite;
			productReference = A1B2C3D40001003D /* Elite.app */;
			productType = "com.apple.product-type.application";
		};
/* End PBXNativeTarget section */

/* Begin PBXProject section */
		A1B2C3D400040002 /* Project object */ = {
			isa = PBXProject;
			attributes = {
				BuildIndependentTargetsInParallel = 1;
				LastSwiftUpdateCheck = 1500;
				LastUpgradeCheck = 1500;
				TargetAttributes = {
					A1B2C3D400040001 = {
						CreatedOnToolsVersion = 15.0;
					};
				};
			};
			buildConfigurationList = A1B2C3D400060001 /* Build configuration list for PBXProject "Elite" */;
			compatibilityVersion = "Xcode 14.0";
			developmentRegion = en;
			hasScannedForEncodings = 0;
			knownRegions = (
				en,
				Base,
			);
			mainGroup = A1B2C3D400030000;
			packageReferences = (
				A1B2C3D400050004 /* XCRemoteSwiftPackageReference "Nuke" */,
			);
			productRefGroup = A1B2C3D400030099 /* Products */;
			projectDirPath = "";
			projectRoot = "";
			targets = (
				A1B2C3D400040001 /* Elite */,
			);
		};
/* End PBXProject section */

/* Begin PBXResourcesBuildPhase section */
		A1B2C3D400020003 /* Resources */ = {
			isa = PBXResourcesBuildPhase;
			buildActionMask = 2147483647;
			files = (
				A1B2C3D40000003B /* Assets.xcassets in Resources */,
				F0F0F0F000000001 /* PlayfairDisplay-Bold.ttf in Resources */,
				F0F0F0F000000002 /* PlayfairDisplay-Regular.ttf in Resources */,
				F0F0F0F000000003 /* CormorantGaramond-Regular.ttf in Resources */,
				F0F0F0F000000004 /* CormorantGaramond-Medium.ttf in Resources */,
				F0F0F0F000000005 /* CormorantGaramond-Light.ttf in Resources */,
			);
			runOnlyForDeploymentPostprocessing = 0;
		};
/* End PBXResourcesBuildPhase section */

/* Begin PBXSourcesBuildPhase section */
		A1B2C3D400020002 /* Sources */ = {
			isa = PBXSourcesBuildPhase;
			buildActionMask = 2147483647;
			files = (
				A1B2C3D400000001 /* EliteApp.swift in Sources */,
				A1B2C3D400000002 /* AppDelegate.swift in Sources */,
				A1B2C3D400000003 /* ContentView.swift in Sources */,
				A1B2C3D400000004 /* Theme.swift in Sources */,
				A1B2C3D400000005 /* EliteButton.swift in Sources */,
				A1B2C3D400000006 /* EliteTextField.swift in Sources */,
				A1B2C3D400000007 /* EliteCard.swift in Sources */,
				A1B2C3D400000008 /* AvatarView.swift in Sources */,
				A1B2C3D400000009 /* VerifiedBadge.swift in Sources */,
				A1B2C3D40000000A /* TagChip.swift in Sources */,
				A1B2C3D40000000B /* GradientOverlay.swift in Sources */,
				A1B2C3D40000000C /* ShimmerModifier.swift in Sources */,
				A1B2C3D40000000D /* ParallaxModifier.swift in Sources */,
				A1B2C3D40000000E /* AppRouter.swift in Sources */,
				A1B2C3D40000000F /* DeepLinkHandler.swift in Sources */,
				A1B2C3D400000010 /* SupabaseManager.swift in Sources */,
				A1B2C3D400000011 /* APIError.swift in Sources */,
				A1B2C3D400000012 /* NetworkMonitor.swift in Sources */,
				A1B2C3D400000013 /* View+Extensions.swift in Sources */,
				A1B2C3D400000014 /* Color+Theme.swift in Sources */,
				A1B2C3D400000015 /* Date+Formatting.swift in Sources */,
				A1B2C3D400000016 /* SplashView.swift in Sources */,
				A1B2C3D400000017 /* OnboardingView.swift in Sources */,
				A1B2C3D400000018 /* ReferralCodeView.swift in Sources */,
				A1B2C3D400000019 /* WaitlistView.swift in Sources */,
				A1B2C3D40000001A /* AppleSignInView.swift in Sources */,
				A1B2C3D40000001B /* AuthViewModel.swift in Sources */,
				A1B2C3D40000001C /* AuthService.swift in Sources */,
				A1B2C3D40000001D /* DiscoveryView.swift in Sources */,
				A1B2C3D40000001E /* ProfileCardView.swift in Sources */,
				A1B2C3D40000001F /* CardStackView.swift in Sources */,
				A1B2C3D400000020 /* MatchView.swift in Sources */,
				A1B2C3D400000021 /* DiscoveryViewModel.swift in Sources */,
				A1B2C3D400000022 /* MatchService.swift in Sources */,
				A1B2C3D400000023 /* ProfileDetailView.swift in Sources */,
				A1B2C3D400000024 /* ProfileEditView.swift in Sources */,
				A1B2C3D400000025 /* PhotoGridView.swift in Sources */,
				A1B2C3D400000026 /* SettingsView.swift in Sources */,
				A1B2C3D400000027 /* ProfileViewModel.swift in Sources */,
				A1B2C3D400000028 /* ProfileService.swift in Sources */,
				A1B2C3D400000029 /* ChatListView.swift in Sources */,
				A1B2C3D40000002A /* ChatDetailView.swift in Sources */,
				A1B2C3D40000002B /* MessageBubble.swift in Sources */,
				A1B2C3D40000002C /* ChatInputBar.swift in Sources */,
				A1B2C3D40000002D /* ChatListViewModel.swift in Sources */,
				A1B2C3D40000002E /* ChatDetailViewModel.swift in Sources */,
				A1B2C3D40000002F /* ChatService.swift in Sources */,
				A1B2C3D400000030 /* PaywallView.swift in Sources */,
				A1B2C3D400000031 /* SubscriptionBadge.swift in Sources */,
				A1B2C3D400000032 /* SubscriptionViewModel.swift in Sources */,
				A1B2C3D400000033 /* StoreKitService.swift in Sources */,
				A1B2C3D400000034 /* User.swift in Sources */,
				A1B2C3D400000035 /* Profile.swift in Sources */,
				A1B2C3D400000036 /* Match.swift in Sources */,
				A1B2C3D400000037 /* Message.swift in Sources */,
				A1B2C3D400000038 /* Swipe.swift in Sources */,
				A1B2C3D400000039 /* ReferralCode.swift in Sources */,
				A1B2C3D40000003A /* Subscription.swift in Sources */,
				E0E0E0E000000001 /* APIClient.swift in Sources */,
				E0E0E0E000000002 /* TokenManager.swift in Sources */,
				E0E0E0E000000003 /* WebSocketManager.swift in Sources */,
			);
			runOnlyForDeploymentPostprocessing = 0;
		};
/* End PBXSourcesBuildPhase section */

/* Begin XCBuildConfiguration section */
		A1B2C3D400070001 /* Debug */ = {
			isa = XCBuildConfiguration;
			buildSettings = {
				ALWAYS_SEARCH_USER_PATHS = NO;
				ASSETCATALOG_COMPILER_GENERATE_SWIFT_ASSET_SYMBOL_EXTENSIONS = YES;
				CLANG_ANALYZER_NONNULL = YES;
				CLANG_ANALYZER_NUMBER_OBJECT_CONVERSION = YES_AGGRESSIVE;
				CLANG_CXX_LANGUAGE_STANDARD = "gnu++20";
				CLANG_ENABLE_MODULES = YES;
				CLANG_ENABLE_OBJC_ARC = YES;
				CLANG_ENABLE_OBJC_WEAK = YES;
				CLANG_WARN_BLOCK_CAPTURE_AUTORELEASING = YES;
				CLANG_WARN_BOOL_CONVERSION = YES;
				CLANG_WARN_COMMA = YES;
				CLANG_WARN_CONSTANT_CONVERSION = YES;
				CLANG_WARN_DEPRECATED_OBJC_IMPLEMENTATIONS = YES;
				CLANG_WARN_DIRECT_OBJC_ISA_USAGE = YES_ERROR;
				CLANG_WARN_DOCUMENTATION_COMMENTS = YES;
				CLANG_WARN_EMPTY_BODY = YES;
				CLANG_WARN_ENUM_CONVERSION = YES;
				CLANG_WARN_INFINITE_RECURSION = YES;
				CLANG_WARN_INT_CONVERSION = YES;
				CLANG_WARN_NON_LITERAL_NULL_CONVERSION = YES;
				CLANG_WARN_OBJC_IMPLICIT_RETAIN_SELF = YES;
				CLANG_WARN_OBJC_LITERAL_CONVERSION = YES;
				CLANG_WARN_OBJC_ROOT_CLASS = YES_ERROR;
				CLANG_WARN_QUOTED_INCLUDE_IN_FRAMEWORK_HEADER = YES;
				CLANG_WARN_RANGE_LOOP_ANALYSIS = YES;
				CLANG_WARN_STRICT_PROTOTYPES = YES;
				CLANG_WARN_SUSPICIOUS_MOVE = YES;
				CLANG_WARN_UNGUARDED_AVAILABILITY = YES_AGGRESSIVE;
				CLANG_WARN_UNREACHABLE_CODE = YES;
				CLANG_WARN__DUPLICATE_METHOD_MATCH = YES;
				COPY_PHASE_STRIP = NO;
				DEBUG_INFORMATION_FORMAT = dwarf;
				ENABLE_STRICT_OBJC_MSGSEND = YES;
				ENABLE_TESTABILITY = YES;
				ENABLE_USER_SCRIPT_SANDBOXING = YES;
				GCC_C_LANGUAGE_STANDARD = gnu17;
				GCC_DYNAMIC_NO_PIC = NO;
				GCC_NO_COMMON_BLOCKS = YES;
				GCC_OPTIMIZATION_LEVEL = 0;
				GCC_PREPROCESSOR_DEFINITIONS = (
					"DEBUG=1",
					"$(inherited)",
				);
				GCC_WARN_64_TO_32_BIT_CONVERSION = YES;
				GCC_WARN_ABOUT_RETURN_TYPE = YES_ERROR;
				GCC_WARN_UNDECLARED_SELECTOR = YES;
				GCC_WARN_UNINITIALIZED_AUTOS = YES_AGGRESSIVE;
				GCC_WARN_UNUSED_FUNCTION = YES;
				GCC_WARN_UNUSED_VARIABLE = YES;
				IPHONEOS_DEPLOYMENT_TARGET = 17.0;
				LOCALIZATION_PREFERS_STRING_CATALOGS = YES;
				MTL_ENABLE_DEBUG_INFO = INCLUDE_SOURCE;
				MTL_FAST_MATH = YES;
				ONLY_ACTIVE_ARCH = YES;
				SDKROOT = iphoneos;
				SWIFT_ACTIVE_COMPILATION_CONDITIONS = "DEBUG $(inherited)";
				SWIFT_OPTIMIZATION_LEVEL = "-Onone";
			};
			name = Debug;
		};
		A1B2C3D400070002 /* Release */ = {
			isa = XCBuildConfiguration;
			buildSettings = {
				ALWAYS_SEARCH_USER_PATHS = NO;
				ASSETCATALOG_COMPILER_GENERATE_SWIFT_ASSET_SYMBOL_EXTENSIONS = YES;
				CLANG_ANALYZER_NONNULL = YES;
				CLANG_ANALYZER_NUMBER_OBJECT_CONVERSION = YES_AGGRESSIVE;
				CLANG_CXX_LANGUAGE_STANDARD = "gnu++20";
				CLANG_ENABLE_MODULES = YES;
				CLANG_ENABLE_OBJC_ARC = YES;
				CLANG_ENABLE_OBJC_WEAK = YES;
				CLANG_WARN_BLOCK_CAPTURE_AUTORELEASING = YES;
				CLANG_WARN_BOOL_CONVERSION = YES;
				CLANG_WARN_COMMA = YES;
				CLANG_WARN_CONSTANT_CONVERSION = YES;
				CLANG_WARN_DEPRECATED_OBJC_IMPLEMENTATIONS = YES;
				CLANG_WARN_DIRECT_OBJC_ISA_USAGE = YES_ERROR;
				CLANG_WARN_DOCUMENTATION_COMMENTS = YES;
				CLANG_WARN_EMPTY_BODY = YES;
				CLANG_WARN_ENUM_CONVERSION = YES;
				CLANG_WARN_INFINITE_RECURSION = YES;
				CLANG_WARN_INT_CONVERSION = YES;
				CLANG_WARN_NON_LITERAL_NULL_CONVERSION = YES;
				CLANG_WARN_OBJC_IMPLICIT_RETAIN_SELF = YES;
				CLANG_WARN_OBJC_LITERAL_CONVERSION = YES;
				CLANG_WARN_OBJC_ROOT_CLASS = YES_ERROR;
				CLANG_WARN_QUOTED_INCLUDE_IN_FRAMEWORK_HEADER = YES;
				CLANG_WARN_RANGE_LOOP_ANALYSIS = YES;
				CLANG_WARN_STRICT_PROTOTYPES = YES;
				CLANG_WARN_SUSPICIOUS_MOVE = YES;
				CLANG_WARN_UNGUARDED_AVAILABILITY = YES_AGGRESSIVE;
				CLANG_WARN_UNREACHABLE_CODE = YES;
				CLANG_WARN__DUPLICATE_METHOD_MATCH = YES;
				COPY_PHASE_STRIP = NO;
				DEBUG_INFORMATION_FORMAT = "dwarf-with-dsym";
				ENABLE_NS_ASSERTIONS = NO;
				ENABLE_STRICT_OBJC_MSGSEND = YES;
				ENABLE_USER_SCRIPT_SANDBOXING = YES;
				GCC_C_LANGUAGE_STANDARD = gnu17;
				GCC_NO_COMMON_BLOCKS = YES;
				GCC_WARN_64_TO_32_BIT_CONVERSION = YES;
				GCC_WARN_ABOUT_RETURN_TYPE = YES_ERROR;
				GCC_WARN_UNDECLARED_SELECTOR = YES;
				GCC_WARN_UNINITIALIZED_AUTOS = YES_AGGRESSIVE;
				GCC_WARN_UNUSED_FUNCTION = YES;
				GCC_WARN_UNUSED_VARIABLE = YES;
				IPHONEOS_DEPLOYMENT_TARGET = 17.0;
				LOCALIZATION_PREFERS_STRING_CATALOGS = YES;
				MTL_ENABLE_DEBUG_INFO = NO;
				MTL_FAST_MATH = YES;
				SDKROOT = iphoneos;
				SWIFT_COMPILATION_MODE = wholemodule;
				VALIDATE_PRODUCT = YES;
			};
			name = Release;
		};
		A1B2C3D400070003 /* Debug */ = {
			isa = XCBuildConfiguration;
			buildSettings = {
				ASSETCATALOG_COMPILER_APPICON_NAME = AppIcon;
				ASSETCATALOG_COMPILER_GLOBAL_ACCENT_COLOR_NAME = AccentColor;
				CODE_SIGN_STYLE = Automatic;
				CURRENT_PROJECT_VERSION = 1;
				DEVELOPMENT_TEAM = "";
				GENERATE_INFOPLIST_FILE = YES;
				INFOPLIST_FILE = Elite/Resources/Info.plist;
				INFOPLIST_KEY_CFBundleDisplayName = Elite;
				INFOPLIST_KEY_UIApplicationSceneManifest_Generation = YES;
				INFOPLIST_KEY_UIApplicationSupportsIndirectInputEvents = YES;
				INFOPLIST_KEY_UILaunchScreen_Generation = YES;
				INFOPLIST_KEY_UISupportedInterfaceOrientations_iPad = "UIInterfaceOrientationPortrait UIInterfaceOrientationPortraitUpsideDown UIInterfaceOrientationLandscapeLeft UIInterfaceOrientationLandscapeRight";
				INFOPLIST_KEY_UISupportedInterfaceOrientations_iPhone = "UIInterfaceOrientationPortrait UIInterfaceOrientationLandscapeLeft UIInterfaceOrientationLandscapeRight";
				IPHONEOS_DEPLOYMENT_TARGET = 17.0;
				LD_RUNPATH_SEARCH_PATHS = (
					"$(inherited)",
					"@executable_path/Frameworks",
				);
				MARKETING_VERSION = 1.0;
				PRODUCT_BUNDLE_IDENTIFIER = com.elite.dating;
				PRODUCT_NAME = "$(TARGET_NAME)";
				SUPPORTED_PLATFORMS = "iphoneos iphonesimulator";
				SUPPORTS_MACCATALYST = NO;
				SWIFT_EMIT_LOC_STRINGS = YES;
				SWIFT_VERSION = 5.0;
				TARGETED_DEVICE_FAMILY = "1,2";
			};
			name = Debug;
		};
		A1B2C3D400070004 /* Release */ = {
			isa = XCBuildConfiguration;
			buildSettings = {
				ASSETCATALOG_COMPILER_APPICON_NAME = AppIcon;
				ASSETCATALOG_COMPILER_GLOBAL_ACCENT_COLOR_NAME = AccentColor;
				CODE_SIGN_STYLE = Automatic;
				CURRENT_PROJECT_VERSION = 1;
				DEVELOPMENT_TEAM = "";
				GENERATE_INFOPLIST_FILE = YES;
				INFOPLIST_FILE = Elite/Resources/Info.plist;
				INFOPLIST_KEY_CFBundleDisplayName = Elite;
				INFOPLIST_KEY_UIApplicationSceneManifest_Generation = YES;
				INFOPLIST_KEY_UIApplicationSupportsIndirectInputEvents = YES;
				INFOPLIST_KEY_UILaunchScreen_Generation = YES;
				INFOPLIST_KEY_UISupportedInterfaceOrientations_iPad = "UIInterfaceOrientationPortrait UIInterfaceOrientationPortraitUpsideDown UIInterfaceOrientationLandscapeLeft UIInterfaceOrientationLandscapeRight";
				INFOPLIST_KEY_UISupportedInterfaceOrientations_iPhone = "UIInterfaceOrientationPortrait UIInterfaceOrientationLandscapeLeft UIInterfaceOrientationLandscapeRight";
				IPHONEOS_DEPLOYMENT_TARGET = 17.0;
				LD_RUNPATH_SEARCH_PATHS = (
					"$(inherited)",
					"@executable_path/Frameworks",
				);
				MARKETING_VERSION = 1.0;
				PRODUCT_BUNDLE_IDENTIFIER = com.elite.dating;
				PRODUCT_NAME = "$(TARGET_NAME)";
				SUPPORTED_PLATFORMS = "iphoneos iphonesimulator";
				SUPPORTS_MACCATALYST = NO;
				SWIFT_EMIT_LOC_STRINGS = YES;
				SWIFT_VERSION = 5.0;
				TARGETED_DEVICE_FAMILY = "1,2";
			};
			name = Release;
		};
/* End XCBuildConfiguration section */

/* Begin XCConfigurationList section */
		A1B2C3D400060001 /* Build configuration list for PBXProject "Elite" */ = {
			isa = XCConfigurationList;
			buildConfigurations = (
				A1B2C3D400070001 /* Debug */,
				A1B2C3D400070002 /* Release */,
			);
			defaultConfigurationIsVisible = 0;
			defaultConfigurationName = Release;
		};
		A1B2C3D400060003 /* Build configuration list for PBXNativeTarget "Elite" */ = {
			isa = XCConfigurationList;
			buildConfigurations = (
				A1B2C3D400070003 /* Debug */,
				A1B2C3D400070004 /* Release */,
			);
			defaultConfigurationIsVisible = 0;
			defaultConfigurationName = Release;
		};
/* End XCConfigurationList section */

/* Begin XCRemoteSwiftPackageReference section */
		A1B2C3D400050004 /* XCRemoteSwiftPackageReference "Nuke" */ = {
			isa = XCRemoteSwiftPackageReference;
			repositoryURL = "https://github.com/kean/Nuke";
			requirement = {
				kind = upToNextMajorVersion;
				minimumVersion = 12.0.0;
			};
		};
/* End XCRemoteSwiftPackageReference section */

/* Begin XCSwiftPackageProductDependency section */
		A1B2C3D400050002 /* Nuke */ = {
			isa = XCSwiftPackageProductDependency;
			package = A1B2C3D400050004 /* XCRemoteSwiftPackageReference "Nuke" */;
			productName = Nuke;
		};
		A1B2C3D400050005 /* NukeUI */ = {
			isa = XCSwiftPackageProductDependency;
			package = A1B2C3D400050004 /* XCRemoteSwiftPackageReference "Nuke" */;
			productName = NukeUI;
		};
/* End XCSwiftPackageProductDependency section */
	};
	rootObject = A1B2C3D400040002 /* Project object */;
}
